// !$*UTF8*$!
{
	archiveVersion = 1;
	classes = {
	};
	objectVersion = 46;
	objects = {

/* Begin PBXBuildFile section */
		CF5F27B31B84AC00002039B1 /* AppDelegate.swift in Sources */ = {isa = PBXBuildFile; fileRef = CF5F27B21B84AC00002039B1 /* AppDelegate.swift */; };
		CF5F27B51B84AC00002039B1 /* ViewController.swift in Sources */ = {isa = PBXBuildFile; fileRef = CF5F27B41B84AC00002039B1 /* ViewController.swift */; };
		CF5F27B81B84AC00002039B1 /* Main.storyboard in Resources */ = {isa = PBXBuildFile; fileRef = CF5F27B61B84AC00002039B1 /* Main.storyboard */; };
		CF5F27BA1B84AC00002039B1 /* Images.xcassets in Resources */ = {isa = PBXBuildFile; fileRef = CF5F27B91B84AC00002039B1 /* Images.xcassets */; };
		CF5F27BD1B84AC00002039B1 /* LaunchScreen.xib in Resources */ = {isa = PBXBuildFile; fileRef = CF5F27BB1B84AC00002039B1 /* LaunchScreen.xib */; };
		CF5F27C91B84AC00002039B1 /* grokPageViewControllerTests.swift in Sources */ = {isa = PBXBuildFile; fileRef = CF5F27C81B84AC00002039B1 /* grokPageViewControllerTests.swift */; };
/* End PBXBuildFile section */

/* Begin PBXContainerItemProxy section */
		CF5F27C31B84AC00002039B1 /* PBXContainerItemProxy */ = {
			isa = PBXContainerItemProxy;
			containerPortal = CF5F27A51B84AC00002039B1 /* Project object */;
			proxyType = 1;
			remoteGlobalIDString = CF5F27AC1B84AC00002039B1;
			remoteInfo = grokPageViewController;
		};
/* End PBXContainerItemProxy section */

/* Begin PBXFileReference section */
		CF5F27AD1B84AC00002039B1 /* grokPageViewController.app */ = {isa = PBXFileReference; explicitFileType = wrapper.application; includeInIndex = 0; path = grokPageViewController.app; sourceTree = BUILT_PRODUCTS_DIR; };
		CF5F27B11B84AC00002039B1 /* Info.plist */ = {isa = PBXFileReference; lastKnownFileType = text.plist.xml; path = Info.plist; sourceTree = "<group>"; };
		CF5F27B21B84AC00002039B1 /* AppDelegate.swift */ = {isa = PBXFileReference; lastKnownFileType = sourcecode.swift; path = AppDelegate.swift; sourceTree = "<group>"; };
		CF5F27B41B84AC00002039B1 /* ViewController.swift */ = {isa = PBXFileReference; lastKnownFileType = sourcecode.swift; path = ViewController.swift; sourceTree = "<group>"; };
		CF5F27B71B84AC00002039B1 /* Base */ = {isa = PBXFileReference; lastKnownFileType = file.storyboard; name = Base; path = Base.lproj/Main.storyboard; sourceTree = "<group>"; };
		CF5F27B91B84AC00002039B1 /* Images.xcassets */ = {isa = PBXFileReference; lastKnownFileType = folder.assetcatalog; path = Images.xcassets; sourceTree = "<group>"; };
		CF5F27BC1B84AC00002039B1 /* Base */ = {isa = PBXFileReference; lastKnownFileType = file.xib; name = Base; path = Base.lproj/LaunchScreen.xib; sourceTree = "<group>"; };
		CF5F27C21B84AC00002039B1 /* grokPageViewControllerTests.xctest */ = {isa = PBXFileReference; explicitFileType = wrapper.cfbundle; includeInIndex = 0; path = grokPageViewControllerTests.xctest; sourceTree = BUILT_PRODUCTS_DIR; };
		CF5F27C71B84AC00002039B1 /* Info.plist */ = {isa = PBXFileReference; lastKnownFileType = text.plist.xml; path = Info.plist; sourceTree = "<group>"; };
		CF5F27C81B84AC00002039B1 /* grokPageViewControllerTests.swift */ = {isa = PBXFileReference; lastKnownFileType = sourcecode.swift; path = grokPageViewControllerTests.swift; sourceTree = "<group>"; };
/* End PBXFileReference section */

/* Begin PBXFrameworksBuildPhase section */
		CF5F27AA1B84AC00002039B1 /* Frameworks */ = {
			isa = PBXFrameworksBuildPhase;
			buildActionMask = 2147483647;
			files = (
			);
			runOnlyForDeploymentPostprocessing = 0;
		};
		CF5F27BF1B84AC00002039B1 /* Frameworks */ = {
			isa = PBXFrameworksBuildPhase;
			buildActionMask = 2147483647;
			files = (
			);
			runOnlyForDeploymentPostprocessing = 0;
		};
/* End PBXFrameworksBuildPhase section */

/* Begin PBXGroup section */
		CF5F27A41B84AC00002039B1 = {
			isa = PBXGroup;
			children = (
				CF5F27AF1B84AC00002039B1 /* grokPageViewController */,
				CF5F27C51B84AC00002039B1 /* grokPageViewControllerTests */,
				CF5F27AE1B84AC00002039B1 /* Products */,
			);
			sourceTree = "<group>";
		};
		CF5F27AE1B84AC00002039B1 /* Products */ = {
			isa = PBXGroup;
			children = (
				CF5F27AD1B84AC00002039B1 /* grokPageViewController.app */,
				CF5F27C21B84AC00002039B1 /* grokPageViewControllerTests.xctest */,
			);
			name = Products;
			sourceTree = "<group>";
		};
		CF5F27AF1B84AC00002039B1 /* grokPageViewController */ = {
			isa = PBXGroup;
			children = (
				CF5F27B21B84AC00002039B1 /* AppDelegate.swift */,
				CF5F27B41B84AC00002039B1 /* ViewController.swift */,
				CF5F27B61B84AC00002039B1 /* Main.storyboard */,
				CF5F27B91B84AC00002039B1 /* Images.xcassets */,
				CF5F27BB1B84AC00002039B1 /* LaunchScreen.xib */,
				CF5F27B01B84AC00002039B1 /* Supporting Files */,
			);
			path = grokPageViewController;
			sourceTree = "<group>";
		};
		CF5F27B01B84AC00002039B1 /* Supporting Files */ = {
			isa = PBXGroup;
			children = (
				CF5F27B11B84AC00002039B1 /* Info.plist */,
			);
			name = "Supporting Files";
			sourceTree = "<group>";
		};
		CF5F27C51B84AC00002039B1 /* grokPageViewControllerTests */ = {
			isa = PBXGroup;
			children = (
				CF5F27C81B84AC00002039B1 /* grokPageViewControllerTests.swift */,
				CF5F27C61B84AC00002039B1 /* Supporting Files */,
			);
			path = grokPageViewControllerTests;
			sourceTree = "<group>";
		};
		CF5F27C61B84AC00002039B1 /* Supporting Files */ = {
			isa = PBXGroup;
			children = (
				CF5F27C71B84AC00002039B1 /* Info.plist */,
			);
			name = "Supporting Files";
			sourceTree = "<group>";
		};
/* End PBXGroup section */

/* Begin PBXNativeTarget section */
		CF5F27AC1B84AC00002039B1 /* grokPageViewController */ = {
			isa = PBXNativeTarget;
			buildConfigurationList = CF5F27CC1B84AC00002039B1 /* Build configuration list for PBXNativeTarget "grokPageViewController" */;
			buildPhases = (
				CF5F27A91B84AC00002039B1 /* Sources */,
				CF5F27AA1B84AC00002039B1 /* Frameworks */,
				CF5F27AB1B84AC00002039B1 /* Resources */,
			);
			buildRules = (
			);
			dependencies = (
			);
			name = grokPageViewController;
			productName = grokPageViewController;
			productReference = CF5F27AD1B84AC00002039B1 /* grokPageViewController.app */;
			productType = "com.apple.product-type.application";
		};
		CF5F27C11B84AC00002039B1 /* grokPageViewControllerTests */ = {
			isa = PBXNativeTarget;
			buildConfigurationList = CF5F27CF1B84AC00002039B1 /* Build configuration list for PBXNativeTarget "grokPageViewControllerTests" */;
			buildPhases = (
				CF5F27BE1B84AC00002039B1 /* Sources */,
				CF5F27BF1B84AC00002039B1 /* Frameworks */,
				CF5F27C01B84AC00002039B1 /* Resources */,
			);
			buildRules = (
			);
			dependencies = (
				CF5F27C41B84AC00002039B1 /* PBXTargetDependency */,
			);
			name = grokPageViewControllerTests;
			productName = grokPageViewControllerTests;
			productReference = CF5F27C21B84AC00002039B1 /* grokPageViewControllerTests.xctest */;
			productType = "com.apple.product-type.bundle.unit-test";
		};
/* End PBXNativeTarget section */

/* Begin PBXProject section */
		CF5F27A51B84AC00002039B1 /* Project object */ = {
			isa = PBXProject;
			attributes = {
				LastUpgradeCheck = 0640;
				ORGANIZATIONNAME = "Teak Mobile Inc";
				TargetAttributes = {
					CF5F27AC1B84AC00002039B1 = {
						CreatedOnToolsVersion = 6.4;
					};
					CF5F27C11B84AC00002039B1 = {
						CreatedOnToolsVersion = 6.4;
						TestTargetID = CF5F27AC1B84AC00002039B1;
					};
				};
			};
			buildConfigurationList = CF5F27A81B84AC00002039B1 /* Build configuration list for PBXProject "grokPageViewController" */;
			compatibilityVersion = "Xcode 3.2";
			developmentRegion = English;
			hasScannedForEncodings = 0;
			knownRegions = (
				en,
				Base,
			);
			mainGroup = CF5F27A41B84AC00002039B1;
			productRefGroup = CF5F27AE1B84AC00002039B1 /* Products */;
			projectDirPath = "";
			projectRoot = "";
			targets = (
				CF5F27AC1B84AC00002039B1 /* grokPageViewController */,
				CF5F27C11B84AC00002039B1 /* grokPageViewControllerTests */,
			);
		};
/* End PBXProject section */

/* Begin PBXResourcesBuildPhase section */
		CF5F27AB1B84AC00002039B1 /* Resources */ = {
			isa = PBXResourcesBuildPhase;
			buildActionMask = 2147483647;
			files = (
				CF5F27B81B84AC00002039B1 /* Main.storyboard in Resources */,
				CF5F27BD1B84AC00002039B1 /* LaunchScreen.xib in Resources */,
				CF5F27BA1B84AC00002039B1 /* Images.xcassets in Resources */,
			);
			runOnlyForDeploymentPostprocessing = 0;
		};
		CF5F27C01B84AC00002039B1 /* Resources */ = {
			isa = PBXResourcesBuildPhase;
			buildActionMask = 2147483647;
			files = (
			);
			runOnlyForDeploymentPostprocessing = 0;
		};
/* End PBXResourcesBuildPhase section */

/* Begin PBXSourcesBuildPhase section */
		CF5F27A91B84AC00002039B1 /* Sources */ = {
			isa = PBXSourcesBuildPhase;
			buildActionMask = 2147483647;
			files = (
				CF5F27B51B84AC00002039B1 /* ViewController.swift in Sources */,
				CF5F27B31B84AC00002039B1 /* AppDelegate.swift in Sources */,
			);
			runOnlyForDeploymentPostprocessing = 0;
		};
		CF5F27BE1B84AC00002039B1 /* Sources */ = {
			isa = PBXSourcesBuildPhase;
			buildActionMask = 2147483647;
			files = (
				CF5F27C91B84AC00002039B1 /* grokPageViewControllerTests.swift in Sources */,
			);
			runOnlyForDeploymentPostprocessing = 0;
		};
/* End PBXSourcesBuildPhase section */

/* Begin PBXTargetDependency section */
		CF5F27C41B84AC00002039B1 /* PBXTargetDependency */ = {
			isa = PBXTargetDependency;
			target = CF5F27AC1B84AC00002039B1 /* grokPageViewController */;
			targetProxy = CF5F27C31B84AC00002039B1 /* PBXContainerItemProxy */;
		};
/* End PBXTargetDependency section */

/* Begin PBXVariantGroup section */
		CF5F27B61B84AC00002039B1 /* Main.storyboard */ = {
			isa = PBXVariantGroup;
			children = (
				CF5F27B71B84AC00002039B1 /* Base */,
			);
			name = Main.storyboard;
			sourceTree = "<group>";
		};
		CF5F27BB1B84AC00002039B1 /* LaunchScreen.xib */ = {
			isa = PBXVariantGroup;
			children = (
				CF5F27BC1B84AC00002039B1 /* Base */,
			);
			name = LaunchScreen.xib;
			sourceTree = "<group>";
		};
/* End PBXVariantGroup section */

/* Begin XCBuildConfiguration section */
		CF5F27CA1B84AC00002039B1 /* Debug */ = {
			isa = XCBuildConfiguration;
			buildSettings = {
				ALWAYS_SEARCH_USER_PATHS = NO;
				CLANG_CXX_LANGUAGE_STANDARD = "gnu++0x";
				CLANG_CXX_LIBRARY = "libc++";
				CLANG_ENABLE_MODULES = YES;
				CLANG_ENABLE_OBJC_ARC = YES;
				CLANG_WARN_BOOL_CONVERSION = YES;
				CLANG_WARN_CONSTANT_CONVERSION = YES;
				CLANG_WARN_DIRECT_OBJC_ISA_USAGE = YES_ERROR;
				CLANG_WARN_EMPTY_BODY = YES;
				CLANG_WARN_ENUM_CONVERSION = YES;
				CLANG_WARN_INT_CONVERSION = YES;
				CLANG_WARN_OBJC_ROOT_CLASS = YES_ERROR;
				CLANG_WARN_UNREACHABLE_CODE = YES;
				CLANG_WARN__DUPLICATE_METHOD_MATCH = YES;
				"CODE_SIGN_IDENTITY[sdk=iphoneos*]" = "iPhone Developer";
				COPY_PHASE_STRIP = NO;
				DEBUG_INFORMATION_FORMAT = "dwarf-with-dsym";
				ENABLE_STRICT_OBJC_MSGSEND = YES;
				GCC_C_LANGUAGE_STANDARD = gnu99;
				GCC_DYNAMIC_NO_PIC = NO;
				GCC_NO_COMMON_BLOCKS = YES;
				GCC_OPTIMIZATION_LEVEL = 0;
				GCC_PREPROCESSOR_DEFINITIONS = (
					"DEBUG=1",
					"$(inherited)",
				);
				GCC_SYMBOLS_PRIVATE_EXTERN = NO;
				GCC_WARN_64_TO_32_BIT_CONVERSION = YES;
				GCC_WARN_ABOUT_RETURN_TYPE = YES_ERROR;
				GCC_WARN_UNDECLARED_SELECTOR = YES;
				GCC_WARN_UNINITIALIZED_AUTOS = YES_AGGRESSIVE;
				GCC_WARN_UNUSED_FUNCTION = YES;
				GCC_WARN_UNUSED_VARIABLE = YES;
				IPHONEOS_DEPLOYMENT_TARGET = 8.4;
				MTL_ENABLE_DEBUG_INFO = YES;
				ONLY_ACTIVE_ARCH = YES;
				SDKROOT = iphoneos;
				SWIFT_OPTIMIZATION_LEVEL = "-Onone";
				TARGETED_DEVICE_FAMILY = "1,2";
			};
			name = Debug;
		};
		CF5F27CB1B84AC00002039B1 /* Release */ = {
			isa = XCBuildConfiguration;
			buildSettings = {
				ALWAYS_SEARCH_USER_PATHS = NO;
				CLANG_CXX_LANGUAGE_STANDARD = "gnu++0x";
				CLANG_CXX_LIBRARY = "libc++";
				CLANG_ENABLE_MODULES = YES;
				CLANG_ENABLE_OBJC_ARC = YES;
				CLANG_WARN_BOOL_CONVERSION = YES;
				CLANG_WARN_CONSTANT_CONVERSION = YES;
				CLANG_WARN_DIRECT_OBJC_ISA_USAGE = YES_ERROR;
				CLANG_WARN_EMPTY_BODY = YES;
				CLANG_WARN_ENUM_CONVERSION = YES;
				CLANG_WARN_INT_CONVERSION = YES;
				CLANG_WARN_OBJC_ROOT_CLASS = YES_ERROR;
				CLANG_WARN_UNREACHABLE_CODE = YES;
				CLANG_WARN__DUPLICATE_METHOD_MATCH = YES;
				"CODE_SIGN_IDENTITY[sdk=iphoneos*]" = "iPhone Developer";
				COPY_PHASE_STRIP = NO;
				DEBUG_INFORMATION_FORMAT = "dwarf-with-dsym";
				ENABLE_NS_ASSERTIONS = NO;
				ENABLE_STRICT_OBJC_MSGSEND = YES;
				GCC_C_LANGUAGE_STANDARD = gnu99;
				GCC_NO_COMMON_BLOCKS = YES;
				GCC_WARN_64_TO_32_BIT_CONVERSION = YES;
				GCC_WARN_ABOUT_RETURN_TYPE = YES_ERROR;
				GCC_WARN_UNDECLARED_SELECTOR = YES;
				GCC_WARN_UNINITIALIZED_AUTOS = YES_AGGRESSIVE;
				GCC_WARN_UNUSED_FUNCTION = YES;
				GCC_WARN_UNUSED_VARIABLE = YES;
				IPHONEOS_DEPLOYMENT_TARGET = 8.4;
				MTL_ENABLE_DEBUG_INFO = NO;
				SDKROOT = iphoneos;
				TARGETED_DEVICE_FAMILY = "1,2";
				VALIDATE_PRODUCT = YES;
			};
			name = Release;
		};
		CF5F27CD1B84AC00002039B1 /* Debug */ = {
			isa = XCBuildConfiguration;
			buildSettings = {
				ASSETCATALOG_COMPILER_APPICON_NAME = AppIcon;
				INFOPLIST_FILE = grokPageViewController/Info.plist;
				LD_RUNPATH_SEARCH_PATHS = "$(inherited) @executable_path/Frameworks";
				PRODUCT_NAME = "$(TARGET_NAME)";
			};
			name = Debug;
		};
		CF5F27CE1B84AC00002039B1 /* Release */ = {
			isa = XCBuildConfiguration;
			buildSettings = {
				ASSETCATALOG_COMPILER_APPICON_NAME = AppIcon;
				INFOPLIST_FILE = grokPageViewController/Info.plist;
				LD_RUNPATH_SEARCH_PATHS = "$(inherited) @executable_path/Frameworks";
				PRODUCT_NAME = "$(TARGET_NAME)";
			};
			name = Release;
		};
		CF5F27D01B84AC00002039B1 /* Debug */ = {
			isa = XCBuildConfiguration;
			buildSettings = {
				BUNDLE_LOADER = "$(TEST_HOST)";
				FRAMEWORK_SEARCH_PATHS = (
					"$(SDKROOT)/Developer/Library/Frameworks",
					"$(inherited)",
				);
				GCC_PREPROCESSOR_DEFINITIONS = (
					"DEBUG=1",
					"$(inherited)",
				);
				INFOPLIST_FILE = grokPageViewControllerTests/Info.plist;
				LD_RUNPATH_SEARCH_PATHS = "$(inherited) @executable_path/Frameworks @loader_path/Frameworks";
				PRODUCT_NAME = "$(TARGET_NAME)";
				TEST_HOST = "$(BUILT_PRODUCTS_DIR)/grokPageViewController.app/grokPageViewController";
			};
			name = Debug;
		};
		CF5F27D11B84AC00002039B1 /* Release */ = {
			isa = XCBuildConfiguration;
			buildSettings = {
				BUNDLE_LOADER = "$(TEST_HOST)";
				FRAMEWORK_SEARCH_PATHS = (
					"$(SDKROOT)/Developer/Library/Frameworks",
					"$(inherited)",
				);
				INFOPLIST_FILE = grokPageViewControllerTests/Info.plist;
				LD_RUNPATH_SEARCH_PATHS = "$(inherited) @executable_path/Frameworks @loader_path/Frameworks";
				PRODUCT_NAME = "$(TARGET_NAME)";
				TEST_HOST = "$(BUILT_PRODUCTS_DIR)/grokPageViewController.app/grokPageViewController";
			};
			name = Release;
		};
/* End XCBuildConfiguration section */

/* Begin XCConfigurationList section */
		CF5F27A81B84AC00002039B1 /* Build configuration list for PBXProject "grokPageViewController" */ = {
			isa = XCConfigurationList;
			buildConfigurations = (
				CF5F27CA1B84AC00002039B1 /* Debug */,
				CF5F27CB1B84AC00002039B1 /* Release */,
			);
			defaultConfigurationIsVisible = 0;
			defaultConfigurationName = Release;
		};
		CF5F27CC1B84AC00002039B1 /* Build configuration list for PBXNativeTarget "grokPageViewController" */ = {
			isa = XCConfigurationList;
			buildConfigurations = (
				CF5F27CD1B84AC00002039B1 /* Debug */,
				CF5F27CE1B84AC00002039B1 /* Release */,
			);
			defaultConfigurationIsVisible = 0;
		};
		CF5F27CF1B84AC00002039B1 /* Build configuration list for PBXNativeTarget "grokPageViewControllerTests" */ = {
			isa = XCConfigurationList;
			buildConfigurations = (
				CF5F27D01B84AC00002039B1 /* Debug */,
				CF5F27D11B84AC00002039B1 /* Release */,
			);
			defaultConfigurationIsVisible = 0;
		};
/* End XCConfigurationList section */
	};
	rootObject = CF5F27A51B84AC00002039B1 /* Project object */;
}
